# This file is autogenerated, do not edit; changes may be undone by the next 'dep ensure'.


[[projects]]
  digest = "1:af380cee93feae8cc10c3e929770f61bff8fb35d07f73557f671256a2d57a531"
  name = "golang.org/x/tools"
  packages = [
    "container/intsets",
    "go/ast/astutil",
    "go/buildutil",
    "go/callgraph",
    "go/gcexportdata",
    "go/internal/cgo",
    "go/internal/gcimporter",
    "go/loader",
    "go/packages",
    "go/pointer",
    "go/ssa",
    "go/ssa/ssautil",
    "go/types/typeutil",
    "godoc",
    "godoc/analysis",
    "godoc/env",
    "godoc/util",
    "godoc/vfs",
    "godoc/vfs/httpfs",
  ]
  pruneopts = "UT"
  revision = "0e57ebad1d6b3a6c2d423576b4455ba6818a15e2"

[solve-meta]
  analyzer-name = "dep"
  analyzer-version = 1
  input-imports = [
    "golang.org/x/tools/godoc",
    "golang.org/x/tools/godoc/vfs",
  ]
  solver-name = "gps-cdcl"
  solver-version = 1
